
Microsoft Visual Studio Solution File, Format Version 12.00
# Visual Studio Version 16
VisualStudioVersion = 16.0.29709.97
MinimumVisualStudioVersion = 10.0.40219.1
Project("{FAE04EC0-301F-11D3-BF4B-00C04F79EFBC}") = "CryptosV", "CryptosV.csproj", "{55B377B6-73B3-4949-8B00-332DC995CC88}"
EndProject
Global
	GlobalSection(SolutionConfigurationPlatforms) = preSolution
		Debug|Any CPU = Debug|Any CPU
		Release|Any CPU = Release|Any CPU
	EndGlobalSection
	GlobalSection(ProjectConfigurationPlatforms) = postSolution
		{55B377B6-73B3-4949-8B00-332DC995CC88}.Debug|Any CPU.ActiveCfg = Debug|Any CPU
		{55B377B6-73B3-4949-8B00-332DC995CC88}.Debug|Any CPU.Build.0 = Debug|Any CPU
		{55B377B6-73B3-4949-8B00-332DC995CC88}.Release|Any CPU.ActiveCfg = Release|Any CPU
		{55B377B6-73B3-4949-8B00-332DC995CC88}.Release|Any CPU.Build.0 = Release|Any CPU
	EndGlobalSection
	GlobalSection(SolutionProperties) = preSolution
		HideSolutionNode = FALSE
	EndGlobalSection
	GlobalSection(ExtensibilityGlobals) = postSolution
		SolutionGuid = {E0A06C8A-8746-4430-8F1F-934AE63839E8}
	EndGlobalSection
EndGlobal
